
Microsoft Visual Studio Solution File, Format Version 12.00
# Visual Studio 15
VisualStudioVersion = 15.0.27004.2008
MinimumVisualStudioVersion = 10.0.40219.1
Project("{FAE04EC0-301F-11D3-BF4B-00C04F79EFBC}") = "CinemaSchedule", "CinemaSchedule\CinemaSchedule.csproj", "{A1D2CF11-B4DE-4A5B-8FC1-9D4A3BB0FCDA}"
EndProject
Project("{2150E333-8FDC-42A3-9474-1A3956D46DE8}") = "SolutionItems", "SolutionItems", "{69BBB1E4-7D35-4A4B-9712-12FB031B4E31}"
	ProjectSection(SolutionItems) = preProject
		..\.gitattributes = ..\.gitattributes
		..\.gitignore = ..\.gitignore
		..\Angular commands.txt = ..\Angular commands.txt
		..\clean-with-scc.bat = ..\clean-with-scc.bat
		..\Migration commands.txt = ..\Migration commands.txt
		..\README.md = ..\README.md
	EndProjectSection
EndProject
Project("{2150E333-8FDC-42A3-9474-1A3956D46DE8}") = "Tests", "Tests", "{9F11D65A-1872-4041-A4A0-290ADF2D0622}"
EndProject
Project("{9A19103F-16F7-4668-BE54-9A1E7A4F7556}") = "CinemaSchedule.Contracts", "CinemaSchedule.Contracts\CinemaSchedule.Contracts.csproj", "{11450E02-918D-4237-9BE7-951A823CF340}"
EndProject
Project("{9A19103F-16F7-4668-BE54-9A1E7A4F7556}") = "CinemaSchedule.UnitTests", "CinemaSchedule.UnitTests\CinemaSchedule.UnitTests.csproj", "{D4E040C7-5AC5-4ABB-B483-E1E273E48419}"
EndProject
Project("{2150E333-8FDC-42A3-9474-1A3956D46DE8}") = "Task", "Task", "{7FDC9D2E-46A2-4110-9CFD-22A72950519E}"
	ProjectSection(SolutionItems) = preProject
		..\Task\image001.png = ..\Task\image001.png
		..\Task\image002.png = ..\Task\image002.png
		..\Task\Task description RU.eml = ..\Task\Task description RU.eml
	EndProjectSection
EndProject
Project("{9A19103F-16F7-4668-BE54-9A1E7A4F7556}") = "CinemaSchedule.WebSite", "CinemaSchedule.WebSite\CinemaSchedule.WebSite.csproj", "{3E816FD4-2613-42EF-948D-70D767BD95F8}"
EndProject
Project("{9A19103F-16F7-4668-BE54-9A1E7A4F7556}") = "CinemaSchedule.Common", "CinemaSchedule.Common\CinemaSchedule.Common.csproj", "{47893CFB-0D1B-4FFF-B29E-5783635B3463}"
EndProject
Project("{FAE04EC0-301F-11D3-BF4B-00C04F79EFBC}") = "CinemaSchedule.DatabaseOld", "CinemaSchedule.DatabaseOld\CinemaSchedule.DatabaseOld.csproj", "{5143E361-6E51-4031-9017-A75CA664CD45}"
EndProject
Project("{9A19103F-16F7-4668-BE54-9A1E7A4F7556}") = "CinemaSchedule.Database", "CinemaSchedule.Database\CinemaSchedule.Database.csproj", "{8A119E87-A073-45F6-A599-A581572C3C0E}"
EndProject
Project("{2150E333-8FDC-42A3-9474-1A3956D46DE8}") = "Old", "Old", "{73D0DD1A-CE7E-4173-A7E7-E336C7A6AC99}"
EndProject
Project("{9A19103F-16F7-4668-BE54-9A1E7A4F7556}") = "CinemaSchedule.IntegrationTests", "CinemaSchedule.IntegrationTests\CinemaSchedule.IntegrationTests.csproj", "{0DBAE0A2-ABF4-4575-8E06-61A70461AE39}"
EndProject
Project("{FAE04EC0-301F-11D3-BF4B-00C04F79EFBC}") = "AngularSampleApp", "AngularSampleApp\AngularSampleApp.csproj", "{925D6B92-89FD-493D-8421-AAE82CDA2371}"
EndProject
Global
	GlobalSection(SolutionConfigurationPlatforms) = preSolution
		Debug|Any CPU = Debug|Any CPU
		Release|Any CPU = Release|Any CPU
	EndGlobalSection
	GlobalSection(ProjectConfigurationPlatforms) = postSolution
		{A1D2CF11-B4DE-4A5B-8FC1-9D4A3BB0FCDA}.Debug|Any CPU.ActiveCfg = Debug|Any CPU
		{A1D2CF11-B4DE-4A5B-8FC1-9D4A3BB0FCDA}.Debug|Any CPU.Build.0 = Debug|Any CPU
		{A1D2CF11-B4DE-4A5B-8FC1-9D4A3BB0FCDA}.Release|Any CPU.ActiveCfg = Release|Any CPU
		{A1D2CF11-B4DE-4A5B-8FC1-9D4A3BB0FCDA}.Release|Any CPU.Build.0 = Release|Any CPU
		{11450E02-918D-4237-9BE7-951A823CF340}.Debug|Any CPU.ActiveCfg = Debug|Any CPU
		{11450E02-918D-4237-9BE7-951A823CF340}.Debug|Any CPU.Build.0 = Debug|Any CPU
		{11450E02-918D-4237-9BE7-951A823CF340}.Release|Any CPU.ActiveCfg = Release|Any CPU
		{11450E02-918D-4237-9BE7-951A823CF340}.Release|Any CPU.Build.0 = Release|Any CPU
		{D4E040C7-5AC5-4ABB-B483-E1E273E48419}.Debug|Any CPU.ActiveCfg = Debug|Any CPU
		{D4E040C7-5AC5-4ABB-B483-E1E273E48419}.Debug|Any CPU.Build.0 = Debug|Any CPU
		{D4E040C7-5AC5-4ABB-B483-E1E273E48419}.Release|Any CPU.ActiveCfg = Release|Any CPU
		{D4E040C7-5AC5-4ABB-B483-E1E273E48419}.Release|Any CPU.Build.0 = Release|Any CPU
		{3E816FD4-2613-42EF-948D-70D767BD95F8}.Debug|Any CPU.ActiveCfg = Debug|Any CPU
		{3E816FD4-2613-42EF-948D-70D767BD95F8}.Debug|Any CPU.Build.0 = Debug|Any CPU
		{3E816FD4-2613-42EF-948D-70D767BD95F8}.Release|Any CPU.ActiveCfg = Release|Any CPU
		{3E816FD4-2613-42EF-948D-70D767BD95F8}.Release|Any CPU.Build.0 = Release|Any CPU
		{47893CFB-0D1B-4FFF-B29E-5783635B3463}.Debug|Any CPU.ActiveCfg = Debug|Any CPU
		{47893CFB-0D1B-4FFF-B29E-5783635B3463}.Debug|Any CPU.Build.0 = Debug|Any CPU
		{47893CFB-0D1B-4FFF-B29E-5783635B3463}.Release|Any CPU.ActiveCfg = Release|Any CPU
		{47893CFB-0D1B-4FFF-B29E-5783635B3463}.Release|Any CPU.Build.0 = Release|Any CPU
		{5143E361-6E51-4031-9017-A75CA664CD45}.Debug|Any CPU.ActiveCfg = Debug|Any CPU
		{5143E361-6E51-4031-9017-A75CA664CD45}.Debug|Any CPU.Build.0 = Debug|Any CPU
		{5143E361-6E51-4031-9017-A75CA664CD45}.Release|Any CPU.ActiveCfg = Release|Any CPU
		{5143E361-6E51-4031-9017-A75CA664CD45}.Release|Any CPU.Build.0 = Release|Any CPU
		{8A119E87-A073-45F6-A599-A581572C3C0E}.Debug|Any CPU.ActiveCfg = Debug|Any CPU
		{8A119E87-A073-45F6-A599-A581572C3C0E}.Debug|Any CPU.Build.0 = Debug|Any CPU
		{8A119E87-A073-45F6-A599-A581572C3C0E}.Release|Any CPU.ActiveCfg = Release|Any CPU
		{8A119E87-A073-45F6-A599-A581572C3C0E}.Release|Any CPU.Build.0 = Release|Any CPU
		{0DBAE0A2-ABF4-4575-8E06-61A70461AE39}.Debug|Any CPU.ActiveCfg = Debug|Any CPU
		{0DBAE0A2-ABF4-4575-8E06-61A70461AE39}.Debug|Any CPU.Build.0 = Debug|Any CPU
		{0DBAE0A2-ABF4-4575-8E06-61A70461AE39}.Release|Any CPU.ActiveCfg = Release|Any CPU
		{0DBAE0A2-ABF4-4575-8E06-61A70461AE39}.Release|Any CPU.Build.0 = Release|Any CPU
		{925D6B92-89FD-493D-8421-AAE82CDA2371}.Debug|Any CPU.ActiveCfg = Debug|Any CPU
		{925D6B92-89FD-493D-8421-AAE82CDA2371}.Debug|Any CPU.Build.0 = Debug|Any CPU
		{925D6B92-89FD-493D-8421-AAE82CDA2371}.Release|Any CPU.ActiveCfg = Release|Any CPU
		{925D6B92-89FD-493D-8421-AAE82CDA2371}.Release|Any CPU.Build.0 = Release|Any CPU
	EndGlobalSection
	GlobalSection(SolutionProperties) = preSolution
		HideSolutionNode = FALSE
	EndGlobalSection
	GlobalSection(NestedProjects) = preSolution
		{A1D2CF11-B4DE-4A5B-8FC1-9D4A3BB0FCDA} = {73D0DD1A-CE7E-4173-A7E7-E336C7A6AC99}
		{D4E040C7-5AC5-4ABB-B483-E1E273E48419} = {9F11D65A-1872-4041-A4A0-290ADF2D0622}
		{7FDC9D2E-46A2-4110-9CFD-22A72950519E} = {69BBB1E4-7D35-4A4B-9712-12FB031B4E31}
		{5143E361-6E51-4031-9017-A75CA664CD45} = {73D0DD1A-CE7E-4173-A7E7-E336C7A6AC99}
		{0DBAE0A2-ABF4-4575-8E06-61A70461AE39} = {9F11D65A-1872-4041-A4A0-290ADF2D0622}
		{925D6B92-89FD-493D-8421-AAE82CDA2371} = {73D0DD1A-CE7E-4173-A7E7-E336C7A6AC99}
	EndGlobalSection
	GlobalSection(ExtensibilityGlobals) = postSolution
		SolutionGuid = {5E78EE46-7E29-4702-B62B-A719DACE4356}
	EndGlobalSection
EndGlobal
